{
  "name": "disk",
  "version": "1.0.0",
  "lockfileVersion": 1,
  "requires": true,
  "dependencies": {
    "diskusage-ng": {
      "version": "0.2.3",
      "resolved": "https://registry.npmjs.org/diskusage-ng/-/diskusage-ng-0.2.3.tgz",
      "integrity": "sha512-iTJEqsdxqezYcPc2wxoKTJHOlc0gNAc8YbRfVYLOkVylpsu6QqDoDxsXC1YEG+PJqZAOjJeaSMBOtTfMfYBuwQ=="
    }
  }
}
