{
	"name": "Hello World",
	"version": "0.0.1",
	"lockfileVersion": 1,
	"requires": true,
	"dependencies": {
		"file-saver": {
			"version": "2.0.1",
			"resolved": "https://registry.npmjs.org/file-saver/-/file-saver-2.0.1.tgz",
			"integrity": "sha512-dCB3K7/BvAcUmtmh1DzFdv0eXSVJ9IAFt1mw3XZfAexodNRoE29l3xB2EX4wH2q8m/UTzwzEPq/ArYk98kUkBQ=="
		},
		"mxgraph": {
			"version": "3.9.12",
			"resolved": "https://registry.npmjs.org/mxgraph/-/mxgraph-3.9.12.tgz",
			"integrity": "sha512-fm15Ro1bc/d3T/qvrkOIPjdAgyaKuaE6+olMpu9QZOm3aHWimu+W+dGAusW8VGVmaF4VYII11a5sVNdLekRoEw=="
		}
	}
}
